
Microsoft Visual Studio Solution File, Format Version 12.00
# Visual Studio Version 16
VisualStudioVersion = 16.0.29215.179
MinimumVisualStudioVersion = 10.0.40219.1
Project("{FAE04EC0-301F-11D3-BF4B-00C04F79EFBC}") = "mini2Dx-monogame", "monogame\mini2Dx-monogame.csproj", "{AC3AE86C-55AD-4F1E-97E8-12E6389137AD}"
EndProject
Project("{FAE04EC0-301F-11D3-BF4B-00C04F79EFBC}") = "monogame-pipeline-ext", "monogame-pipeline-ext\monogame-pipeline-ext.csproj", "{6F98E109-6222-4843-B89A-22CDAE2FE514}"
EndProject
Project("{FAE04EC0-301F-11D3-BF4B-00C04F79EFBC}") = "uats-monogame-desktop", "uats-monogame-desktop\uats-monogame-desktop.csproj", "{EC789EA9-7450-46D2-A4FB-08A5E9ABD902}"
EndProject
Project("{FAE04EC0-301F-11D3-BF4B-00C04F79EFBC}") = "mini2Dx-uats", "uats\generated-src\mini2Dx-uats.csproj", "{DCD4BA14-D29C-40E2-B4FD-AF2E1090C31C}"
EndProject
Global
	GlobalSection(SolutionConfigurationPlatforms) = preSolution
		Debug|Any CPU = Debug|Any CPU
		Debug|x86 = Debug|x86
		Release|Any CPU = Release|Any CPU
		Release|x86 = Release|x86
	EndGlobalSection
	GlobalSection(ProjectConfigurationPlatforms) = postSolution
		{AC3AE86C-55AD-4F1E-97E8-12E6389137AD}.Debug|Any CPU.ActiveCfg = Debug|Any CPU
		{AC3AE86C-55AD-4F1E-97E8-12E6389137AD}.Debug|Any CPU.Build.0 = Debug|Any CPU
		{AC3AE86C-55AD-4F1E-97E8-12E6389137AD}.Debug|x86.ActiveCfg = Debug|Any CPU
		{AC3AE86C-55AD-4F1E-97E8-12E6389137AD}.Debug|x86.Build.0 = Debug|Any CPU
		{AC3AE86C-55AD-4F1E-97E8-12E6389137AD}.Release|Any CPU.ActiveCfg = Release|Any CPU
		{AC3AE86C-55AD-4F1E-97E8-12E6389137AD}.Release|Any CPU.Build.0 = Release|Any CPU
		{AC3AE86C-55AD-4F1E-97E8-12E6389137AD}.Release|x86.ActiveCfg = Release|Any CPU
		{AC3AE86C-55AD-4F1E-97E8-12E6389137AD}.Release|x86.Build.0 = Release|Any CPU
		{6F98E109-6222-4843-B89A-22CDAE2FE514}.Debug|Any CPU.ActiveCfg = Debug|Any CPU
		{6F98E109-6222-4843-B89A-22CDAE2FE514}.Debug|Any CPU.Build.0 = Debug|Any CPU
		{6F98E109-6222-4843-B89A-22CDAE2FE514}.Debug|x86.ActiveCfg = Debug|Any CPU
		{6F98E109-6222-4843-B89A-22CDAE2FE514}.Debug|x86.Build.0 = Debug|Any CPU
		{6F98E109-6222-4843-B89A-22CDAE2FE514}.Release|Any CPU.ActiveCfg = Release|Any CPU
		{6F98E109-6222-4843-B89A-22CDAE2FE514}.Release|Any CPU.Build.0 = Release|Any CPU
		{6F98E109-6222-4843-B89A-22CDAE2FE514}.Release|x86.ActiveCfg = Release|Any CPU
		{6F98E109-6222-4843-B89A-22CDAE2FE514}.Release|x86.Build.0 = Release|Any CPU
		{EC789EA9-7450-46D2-A4FB-08A5E9ABD902}.Debug|Any CPU.ActiveCfg = Debug|x86
		{EC789EA9-7450-46D2-A4FB-08A5E9ABD902}.Debug|x86.ActiveCfg = Debug|x86
		{EC789EA9-7450-46D2-A4FB-08A5E9ABD902}.Debug|x86.Build.0 = Debug|x86
		{EC789EA9-7450-46D2-A4FB-08A5E9ABD902}.Release|Any CPU.ActiveCfg = Release|x86
		{EC789EA9-7450-46D2-A4FB-08A5E9ABD902}.Release|x86.ActiveCfg = Release|x86
		{EC789EA9-7450-46D2-A4FB-08A5E9ABD902}.Release|x86.Build.0 = Release|x86
		{DCD4BA14-D29C-40E2-B4FD-AF2E1090C31C}.Debug|Any CPU.ActiveCfg = Debug|Any CPU
		{DCD4BA14-D29C-40E2-B4FD-AF2E1090C31C}.Debug|Any CPU.Build.0 = Debug|Any CPU
		{DCD4BA14-D29C-40E2-B4FD-AF2E1090C31C}.Debug|x86.ActiveCfg = Debug|Any CPU
		{DCD4BA14-D29C-40E2-B4FD-AF2E1090C31C}.Debug|x86.Build.0 = Debug|Any CPU
		{DCD4BA14-D29C-40E2-B4FD-AF2E1090C31C}.Release|Any CPU.ActiveCfg = Release|Any CPU
		{DCD4BA14-D29C-40E2-B4FD-AF2E1090C31C}.Release|Any CPU.Build.0 = Release|Any CPU
		{DCD4BA14-D29C-40E2-B4FD-AF2E1090C31C}.Release|x86.ActiveCfg = Release|Any CPU
		{DCD4BA14-D29C-40E2-B4FD-AF2E1090C31C}.Release|x86.Build.0 = Release|Any CPU
	EndGlobalSection
	GlobalSection(SolutionProperties) = preSolution
		HideSolutionNode = FALSE
	EndGlobalSection
	GlobalSection(ExtensibilityGlobals) = postSolution
		SolutionGuid = {C9217CFC-4F7F-4E4E-B488-B4EE26DD13AE}
	EndGlobalSection
EndGlobal
